
Microsoft Visual Studio Solution File, Format Version 12.00
# Visual Studio Version 17
VisualStudioVersion = 17.14.36414.22
MinimumVisualStudioVersion = 10.0.40219.1
Project("{FAE04EC0-301F-11D3-BF4B-00C04F79EFBC}") = "WindowsFormsApp1", "WindowsFormsApp1\WindowsFormsApp1.csproj", "{EA994FD4-81D6-4E8E-A2B1-C6A4C93DBF30}"
EndProject
Global
	GlobalSection(SolutionConfigurationPlatforms) = preSolution
		Debug|Any CPU = Debug|Any CPU
		Release|Any CPU = Release|Any CPU
	EndGlobalSection
	GlobalSection(ProjectConfigurationPlatforms) = postSolution
		{EA994FD4-81D6-4E8E-A2B1-C6A4C93DBF30}.Debug|Any CPU.ActiveCfg = Debug|Any CPU
		{EA994FD4-81D6-4E8E-A2B1-C6A4C93DBF30}.Debug|Any CPU.Build.0 = Debug|Any CPU
		{EA994FD4-81D6-4E8E-A2B1-C6A4C93DBF30}.Release|Any CPU.ActiveCfg = Release|Any CPU
		{EA994FD4-81D6-4E8E-A2B1-C6A4C93DBF30}.Release|Any CPU.Build.0 = Release|Any CPU
	EndGlobalSection
	GlobalSection(SolutionProperties) = preSolution
		HideSolutionNode = FALSE
	EndGlobalSection
	GlobalSection(ExtensibilityGlobals) = postSolution
		SolutionGuid = {5D910371-5655-4B28-81F1-086C84D9B470}
	EndGlobalSection
EndGlobal
